
Microsoft Visual Studio Solution File, Format Version 12.00
# Visual Studio Version 16
VisualStudioVersion = 16.0.32106.194
MinimumVisualStudioVersion = 10.0.40219.1
Project("{9A19103F-16F7-4668-BE54-9A1E7A4F7556}") = "HotChocolateGraphqlDemo.Api", "HotChocolateGraphqlDemo.Api\HotChocolateGraphqlDemo.Api.csproj", "{5B7BB9E5-6C47-4A76-ADBC-6B7342C090E3}"
EndProject
Project("{2150E333-8FDC-42A3-9474-1A3956D46DE8}") = "Solution Items", "Solution Items", "{A05EE9B1-AB50-4DA1-85BD-3B172D789E0E}"
	ProjectSection(SolutionItems) = preProject
		README.md = README.md
	EndProjectSection
EndProject
Global
	GlobalSection(SolutionConfigurationPlatforms) = preSolution
		Debug|Any CPU = Debug|Any CPU
		Release|Any CPU = Release|Any CPU
	EndGlobalSection
	GlobalSection(ProjectConfigurationPlatforms) = postSolution
		{5B7BB9E5-6C47-4A76-ADBC-6B7342C090E3}.Debug|Any CPU.ActiveCfg = Debug|Any CPU
		{5B7BB9E5-6C47-4A76-ADBC-6B7342C090E3}.Debug|Any CPU.Build.0 = Debug|Any CPU
		{5B7BB9E5-6C47-4A76-ADBC-6B7342C090E3}.Release|Any CPU.ActiveCfg = Release|Any CPU
		{5B7BB9E5-6C47-4A76-ADBC-6B7342C090E3}.Release|Any CPU.Build.0 = Release|Any CPU
	EndGlobalSection
	GlobalSection(SolutionProperties) = preSolution
		HideSolutionNode = FALSE
	EndGlobalSection
	GlobalSection(ExtensibilityGlobals) = postSolution
		SolutionGuid = {10B6DAA5-EE90-442B-8422-6FC65C416C4D}
	EndGlobalSection
EndGlobal
